
Microsoft Visual Studio Solution File, Format Version 12.00
# Visual Studio Version 16
VisualStudioVersion = 16.0.31624.102
MinimumVisualStudioVersion = 10.0.40219.1
Project("{FAE04EC0-301F-11D3-BF4B-00C04F79EFBC}") = "Laboratorio8", "Laboratorio8.csproj", "{8AB98486-D622-4710-B2B3-B71F191AD84F}"
EndProject
Project("{FAE04EC0-301F-11D3-BF4B-00C04F79EFBC}") = "Laboratorio8.Tests", "..\Laboratorio8.Tests\Laboratorio8.Tests.csproj", "{B09BD4C3-F08C-491C-AD48-A45BDE943230}"
EndProject
Global
	GlobalSection(SolutionConfigurationPlatforms) = preSolution
		Debug|Any CPU = Debug|Any CPU
		Release|Any CPU = Release|Any CPU
	EndGlobalSection
	GlobalSection(ProjectConfigurationPlatforms) = postSolution
		{8AB98486-D622-4710-B2B3-B71F191AD84F}.Debug|Any CPU.ActiveCfg = Debug|Any CPU
		{8AB98486-D622-4710-B2B3-B71F191AD84F}.Debug|Any CPU.Build.0 = Debug|Any CPU
		{8AB98486-D622-4710-B2B3-B71F191AD84F}.Release|Any CPU.ActiveCfg = Release|Any CPU
		{8AB98486-D622-4710-B2B3-B71F191AD84F}.Release|Any CPU.Build.0 = Release|Any CPU
		{B09BD4C3-F08C-491C-AD48-A45BDE943230}.Debug|Any CPU.ActiveCfg = Debug|Any CPU
		{B09BD4C3-F08C-491C-AD48-A45BDE943230}.Debug|Any CPU.Build.0 = Debug|Any CPU
		{B09BD4C3-F08C-491C-AD48-A45BDE943230}.Release|Any CPU.ActiveCfg = Release|Any CPU
		{B09BD4C3-F08C-491C-AD48-A45BDE943230}.Release|Any CPU.Build.0 = Release|Any CPU
	EndGlobalSection
	GlobalSection(SolutionProperties) = preSolution
		HideSolutionNode = FALSE
	EndGlobalSection
	GlobalSection(ExtensibilityGlobals) = postSolution
		SolutionGuid = {A8BF7210-441D-42F9-8494-35208F5C55B4}
	EndGlobalSection
EndGlobal
